<?xml version="1.0" encoding="utf-8"?>
<Project ToolsVersion="4.0" xmlns="http://schemas.microsoft.com/developer/msbuild/2003">
  <ItemGroup>
    <Filter Include="Source Files">
      <UniqueIdentifier>{4FC737F1-C7A5-4376-A066-2A32D752A2FF}</UniqueIdentifier>
      <Extensions>cpp;c;cc;cxx;def;odl;idl;hpj;bat;asm;asmx</Extensions>
    </Filter>
    <Filter Include="Header Files">
      <UniqueIdentifier>{93995380-89BD-4b04-88EB-625FBE52EBFB}</UniqueIdentifier>
      <Extensions>h;hh;hpp;hxx;hm;inl;inc;xsd</Extensions>
    </Filter>
    <Filter Include="Resource Files">
      <UniqueIdentifier>{67DA6AB6-F800-4c08-8B7A-83BB121AAD01}</UniqueIdentifier>
      <Extensions>rc;ico;cur;bmp;dlg;rc2;rct;bin;rgs;gif;jpg;jpeg;jpe;resx;tiff;tif;png;wav;mfcribbon-ms</Extensions>
    </Filter>
    <Filter Include="Form Files">
      <UniqueIdentifier>{99349809-55BA-4b9d-BF79-8FDBB0286EB3}</UniqueIdentifier>
      <Extensions>ui</Extensions>
    </Filter>
    <Filter Include="Resource Files">
      <UniqueIdentifier>{D9D6E242-F8AF-46E4-B9FD-80ECBC20BA3E}</UniqueIdentifier>
      <Extensions>qrc;*</Extensions>
      <ParseFiles>false</ParseFiles>
    </Filter>
    <Filter Include="opencv">
      <UniqueIdentifier>{c6799e8c-77e8-4206-8bb2-a17ce7484a53}</UniqueIdentifier>
    </Filter>
    <Filter Include="tesseract">
      <UniqueIdentifier>{4f9afef9-0e8e-4629-b8a2-90c1f87b1f97}</UniqueIdentifier>
    </Filter>
  </ItemGroup>
  <ItemGroup>
    <QtRcc Include="KeyRecorder.qrc">
      <Filter>Resource Files</Filter>
    </QtRcc>
    <QtMoc Include="KeyRecorder.h">
      <Filter>Header Files</Filter>
    </QtMoc>
    <ClCompile Include="KeyRecorder.cpp">
      <Filter>Source Files</Filter>
    </ClCompile>
  </ItemGroup>
  <ItemGroup>
    <ClCompile Include="main.cpp">
      <Filter>Source Files</Filter>
    </ClCompile>
    <ClCompile Include="MouseHook.cpp">
      <Filter>Source Files</Filter>
    </ClCompile>
    <ClCompile Include="ImageMacher.cpp">
      <Filter>opencv</Filter>
    </ClCompile>
    <ClCompile Include="ScreenGraber.cpp">
      <Filter>Source Files</Filter>
    </ClCompile>
    <ClCompile Include="Recongnizer.cpp">
      <Filter>tesseract</Filter>
    </ClCompile>
    <ClCompile Include="KeyStore.cpp">
      <Filter>Source Files</Filter>
    </ClCompile>
    <ClCompile Include="TaskThread.cpp">
      <Filter>Source Files</Filter>
    </ClCompile>
    <ClCompile Include="FormOperate.cpp">
      <Filter>Source Files</Filter>
    </ClCompile>
    <ClCompile Include="FormCaptureScreen.cpp">
      <Filter>Source Files</Filter>
    </ClCompile>
    <ClCompile Include="Utils.cpp">
      <Filter>Source Files</Filter>
    </ClCompile>
    <ClCompile Include="FormConfig.cpp">
      <Filter>Source Files</Filter>
    </ClCompile>
    <ClCompile Include="Configure.cpp">
      <Filter>Source Files</Filter>
    </ClCompile>
    <ClCompile Include="HTTPClient.cpp">
      <Filter>Source Files</Filter>
    </ClCompile>
    <ClCompile Include="KeyInfo.cpp">
      <Filter>Source Files</Filter>
    </ClCompile>
    <ClCompile Include="HttpServer.cpp">
      <Filter>Source Files</Filter>
    </ClCompile>
    <ClCompile Include="FormPassword.cpp">
      <Filter>Source Files</Filter>
    </ClCompile>
    <ClCompile Include="FormInform.cpp">
      <Filter>Source Files</Filter>
    </ClCompile>
  </ItemGroup>
  <ItemGroup>
    <ClInclude Include="constant.h">
      <Filter>Header Files</Filter>
    </ClInclude>
    <ClInclude Include="ImageMacher.h">
      <Filter>opencv</Filter>
    </ClInclude>
    <ClInclude Include="Recongnizer.h">
      <Filter>tesseract</Filter>
    </ClInclude>
    <ClInclude Include="KeyStore.h">
      <Filter>Header Files</Filter>
    </ClInclude>
    <ClInclude Include="KeyInfo.h">
      <Filter>Header Files</Filter>
    </ClInclude>
    <ClInclude Include="Utils.h">
      <Filter>Header Files</Filter>
    </ClInclude>
    <ClInclude Include="Configure.h">
      <Filter>Header Files</Filter>
    </ClInclude>
    <ClInclude Include="resource.h">
      <Filter>Header Files</Filter>
    </ClInclude>
    <ClInclude Include="HttpServer.h">
      <Filter>Header Files</Filter>
    </ClInclude>
  </ItemGroup>
  <ItemGroup>
    <QtMoc Include="MouseHook.h">
      <Filter>Header Files</Filter>
    </QtMoc>
    <QtMoc Include="ScreenGraber.h">
      <Filter>Header Files</Filter>
    </QtMoc>
    <QtMoc Include="TaskThread.h">
      <Filter>Header Files</Filter>
    </QtMoc>
    <QtMoc Include="FormOperate.h">
      <Filter>Header Files</Filter>
    </QtMoc>
    <QtMoc Include="FormCaptureScreen.h">
      <Filter>Header Files</Filter>
    </QtMoc>
    <QtMoc Include="FormConfig.h">
      <Filter>Header Files</Filter>
    </QtMoc>
    <QtMoc Include="HTTPClient.h">
      <Filter>Header Files</Filter>
    </QtMoc>
    <QtMoc Include="FormPassword.h">
      <Filter>Header Files</Filter>
    </QtMoc>
    <QtMoc Include="FormInform.h">
      <Filter>Header Files</Filter>
    </QtMoc>
  </ItemGroup>
  <ItemGroup>
    <QtUic Include="KeyRecorder.ui">
      <Filter>Form Files</Filter>
    </QtUic>
    <QtUic Include="FormOperate.ui">
      <Filter>Form Files</Filter>
    </QtUic>
    <QtUic Include="FormCaptureScreen.ui">
      <Filter>Form Files</Filter>
    </QtUic>
    <QtUic Include="FormConfig.ui">
      <Filter>Form Files</Filter>
    </QtUic>
    <QtUic Include="FormPassword.ui">
      <Filter>Form Files</Filter>
    </QtUic>
    <QtUic Include="FormInform.ui">
      <Filter>Form Files</Filter>
    </QtUic>
  </ItemGroup>
  <ItemGroup>
    <ResourceCompile Include="KeyRecorder.rc">
      <Filter>Resource Files</Filter>
    </ResourceCompile>
  </ItemGroup>
</Project>